// !$*UTF8*$!
{
	archiveVersion = 1;
	classes = {
	};
	objectVersion = 50;
	objects = {

/* Begin PBXBuildFile section */
		3C9AC04725109670009EF838 /* AppDelegate.swift in Sources */ = {isa = PBXBuildFile; fileRef = 3C9AC04625109670009EF838 /* AppDelegate.swift */; };
		3C9AC04925109670009EF838 /* SceneDelegate.swift in Sources */ = {isa = PBXBuildFile; fileRef = 3C9AC04825109670009EF838 /* SceneDelegate.swift */; };
		3C9AC04B25109670009EF838 /* ViewController.swift in Sources */ = {isa = PBXBuildFile; fileRef = 3C9AC04A25109670009EF838 /* ViewController.swift */; };
		3C9AC04E25109670009EF838 /* Main.storyboard in Resources */ = {isa = PBXBuildFile; fileRef = 3C9AC04C25109670009EF838 /* Main.storyboard */; };
		3C9AC05125109670009EF838 /* gitPrac.xcdatamodeld in Sources */ = {isa = PBXBuildFile; fileRef = 3C9AC04F25109670009EF838 /* gitPrac.xcdatamodeld */; };
		3C9AC05325109674009EF838 /* Assets.xcassets in Resources */ = {isa = PBXBuildFile; fileRef = 3C9AC05225109674009EF838 /* Assets.xcassets */; };
		3C9AC05625109674009EF838 /* LaunchScreen.storyboard in Resources */ = {isa = PBXBuildFile; fileRef = 3C9AC05425109674009EF838 /* LaunchScreen.storyboard */; };
		3C9AC06125109674009EF838 /* gitPracTests.swift in Sources */ = {isa = PBXBuildFile; fileRef = 3C9AC06025109674009EF838 /* gitPracTests.swift */; };
		3C9AC06C25109674009EF838 /* gitPracUITests.swift in Sources */ = {isa = PBXBuildFile; fileRef = 3C9AC06B25109674009EF838 /* gitPracUITests.swift */; };
/* End PBXBuildFile section */

/* Begin PBXContainerItemProxy section */
		3C9AC05D25109674009EF838 /* PBXContainerItemProxy */ = {
			isa = PBXContainerItemProxy;
			containerPortal = 3C9AC03B25109670009EF838 /* Project object */;
			proxyType = 1;
			remoteGlobalIDString = 3C9AC04225109670009EF838;
			remoteInfo = gitPrac;
		};
		3C9AC06825109674009EF838 /* PBXContainerItemProxy */ = {
			isa = PBXContainerItemProxy;
			containerPortal = 3C9AC03B25109670009EF838 /* Project object */;
			proxyType = 1;
			remoteGlobalIDString = 3C9AC04225109670009EF838;
			remoteInfo = gitPrac;
		};
/* End PBXContainerItemProxy section */

/* Begin PBXFileReference section */
		3C9AC04325109670009EF838 /* gitPrac.app */ = {isa = PBXFileReference; explicitFileType = wrapper.application; includeInIndex = 0; path = gitPrac.app; sourceTree = BUILT_PRODUCTS_DIR; };
		3C9AC04625109670009EF838 /* AppDelegate.swift */ = {isa = PBXFileReference; lastKnownFileType = sourcecode.swift; path = AppDelegate.swift; sourceTree = "<group>"; };
		3C9AC04825109670009EF838 /* SceneDelegate.swift */ = {isa = PBXFileReference; lastKnownFileType = sourcecode.swift; path = SceneDelegate.swift; sourceTree = "<group>"; };
		3C9AC04A25109670009EF838 /* ViewController.swift */ = {isa = PBXFileReference; lastKnownFileType = sourcecode.swift; path = ViewController.swift; sourceTree = "<group>"; };
		3C9AC04D25109670009EF838 /* Base */ = {isa = PBXFileReference; lastKnownFileType = file.storyboard; name = Base; path = Base.lproj/Main.storyboard; sourceTree = "<group>"; };
		3C9AC05025109670009EF838 /* gitPrac.xcdatamodel */ = {isa = PBXFileReference; lastKnownFileType = wrapper.xcdatamodel; path = gitPrac.xcdatamodel; sourceTree = "<group>"; };
		3C9AC05225109674009EF838 /* Assets.xcassets */ = {isa = PBXFileReference; lastKnownFileType = folder.assetcatalog; path = Assets.xcassets; sourceTree = "<group>"; };
		3C9AC05525109674009EF838 /* Base */ = {isa = PBXFileReference; lastKnownFileType = file.storyboard; name = Base; path = Base.lproj/LaunchScreen.storyboard; sourceTree = "<group>"; };
		3C9AC05725109674009EF838 /* Info.plist */ = {isa = PBXFileReference; lastKnownFileType = text.plist.xml; path = Info.plist; sourceTree = "<group>"; };
		3C9AC05C25109674009EF838 /* gitPracTests.xctest */ = {isa = PBXFileReference; explicitFileType = wrapper.cfbundle; includeInIndex = 0; path = gitPracTests.xctest; sourceTree = BUILT_PRODUCTS_DIR; };
		3C9AC06025109674009EF838 /* gitPracTests.swift */ = {isa = PBXFileReference; lastKnownFileType = sourcecode.swift; path = gitPracTests.swift; sourceTree = "<group>"; };
		3C9AC06225109674009EF838 /* Info.plist */ = {isa = PBXFileReference; lastKnownFileType = text.plist.xml; path = Info.plist; sourceTree = "<group>"; };
		3C9AC06725109674009EF838 /* gitPracUITests.xctest */ = {isa = PBXFileReference; explicitFileType = wrapper.cfbundle; includeInIndex = 0; path = gitPracUITests.xctest; sourceTree = BUILT_PRODUCTS_DIR; };
		3C9AC06B25109674009EF838 /* gitPracUITests.swift */ = {isa = PBXFileReference; lastKnownFileType = sourcecode.swift; path = gitPracUITests.swift; sourceTree = "<group>"; };
		3C9AC06D25109674009EF838 /* Info.plist */ = {isa = PBXFileReference; lastKnownFileType = text.plist.xml; path = Info.plist; sourceTree = "<group>"; };
/* End PBXFileReference section */

/* Begin PBXFrameworksBuildPhase section */
		3C9AC04025109670009EF838 /* Frameworks */ = {
			isa = PBXFrameworksBuildPhase;
			buildActionMask = 2147483647;
			files = (
			);
			runOnlyForDeploymentPostprocessing = 0;
		};
		3C9AC05925109674009EF838 /* Frameworks */ = {
			isa = PBXFrameworksBuildPhase;
			buildActionMask = 2147483647;
			files = (
			);
			runOnlyForDeploymentPostprocessing = 0;
		};
		3C9AC06425109674009EF838 /* Frameworks */ = {
			isa = PBXFrameworksBuildPhase;
			buildActionMask = 2147483647;
			files = (
			);
			runOnlyForDeploymentPostprocessing = 0;
		};
/* End PBXFrameworksBuildPhase section */

/* Begin PBXGroup section */
		3C9AC03A25109670009EF838 = {
			isa = PBXGroup;
			children = (
				3C9AC04525109670009EF838 /* gitPrac */,
				3C9AC05F25109674009EF838 /* gitPracTests */,
				3C9AC06A25109674009EF838 /* gitPracUITests */,
				3C9AC04425109670009EF838 /* Products */,
			);
			sourceTree = "<group>";
		};
		3C9AC04425109670009EF838 /* Products */ = {
			isa = PBXGroup;
			children = (
				3C9AC04325109670009EF838 /* gitPrac.app */,
				3C9AC05C25109674009EF838 /* gitPracTests.xctest */,
				3C9AC06725109674009EF838 /* gitPracUITests.xctest */,
			);
			name = Products;
			sourceTree = "<group>";
		};
		3C9AC04525109670009EF838 /* gitPrac */ = {
			isa = PBXGroup;
			children = (
				3C9AC04625109670009EF838 /* AppDelegate.swift */,
				3C9AC04825109670009EF838 /* SceneDelegate.swift */,
				3C9AC04A25109670009EF838 /* ViewController.swift */,
				3C9AC04C25109670009EF838 /* Main.storyboard */,
				3C9AC05225109674009EF838 /* Assets.xcassets */,
				3C9AC05425109674009EF838 /* LaunchScreen.storyboard */,
				3C9AC05725109674009EF838 /* Info.plist */,
				3C9AC04F25109670009EF838 /* gitPrac.xcdatamodeld */,
			);
			path = gitPrac;
			sourceTree = "<group>";
		};
		3C9AC05F25109674009EF838 /* gitPracTests */ = {
			isa = PBXGroup;
			children = (
				3C9AC06025109674009EF838 /* gitPracTests.swift */,
				3C9AC06225109674009EF838 /* Info.plist */,
			);
			path = gitPracTests;
			sourceTree = "<group>";
		};
		3C9AC06A25109674009EF838 /* gitPracUITests */ = {
			isa = PBXGroup;
			children = (
				3C9AC06B25109674009EF838 /* gitPracUITests.swift */,
				3C9AC06D25109674009EF838 /* Info.plist */,
			);
			path = gitPracUITests;
			sourceTree = "<group>";
		};
/* End PBXGroup section */

/* Begin PBXNativeTarget section */
		3C9AC04225109670009EF838 /* gitPrac */ = {
			isa = PBXNativeTarget;
			buildConfigurationList = 3C9AC07025109674009EF838 /* Build configuration list for PBXNativeTarget "gitPrac" */;
			buildPhases = (
				3C9AC03F25109670009EF838 /* Sources */,
				3C9AC04025109670009EF838 /* Frameworks */,
				3C9AC04125109670009EF838 /* Resources */,
			);
			buildRules = (
			);
			dependencies = (
			);
			name = gitPrac;
			productName = gitPrac;
			productReference = 3C9AC04325109670009EF838 /* gitPrac.app */;
			productType = "com.apple.product-type.application";
		};
		3C9AC05B25109674009EF838 /* gitPracTests */ = {
			isa = PBXNativeTarget;
			buildConfigurationList = 3C9AC07325109674009EF838 /* Build configuration list for PBXNativeTarget "gitPracTests" */;
			buildPhases = (
				3C9AC05825109674009EF838 /* Sources */,
				3C9AC05925109674009EF838 /* Frameworks */,
				3C9AC05A25109674009EF838 /* Resources */,
			);
			buildRules = (
			);
			dependencies = (
				3C9AC05E25109674009EF838 /* PBXTargetDependency */,
			);
			name = gitPracTests;
			productName = gitPracTests;
			productReference = 3C9AC05C25109674009EF838 /* gitPracTests.xctest */;
			productType = "com.apple.product-type.bundle.unit-test";
		};
		3C9AC06625109674009EF838 /* gitPracUITests */ = {
			isa = PBXNativeTarget;
			buildConfigurationList = 3C9AC07625109674009EF838 /* Build configuration list for PBXNativeTarget "gitPracUITests" */;
			buildPhases = (
				3C9AC06325109674009EF838 /* Sources */,
				3C9AC06425109674009EF838 /* Frameworks */,
				3C9AC06525109674009EF838 /* Resources */,
			);
			buildRules = (
			);
			dependencies = (
				3C9AC06925109674009EF838 /* PBXTargetDependency */,
			);
			name = gitPracUITests;
			productName = gitPracUITests;
			productReference = 3C9AC06725109674009EF838 /* gitPracUITests.xctest */;
			productType = "com.apple.product-type.bundle.ui-testing";
		};
/* End PBXNativeTarget section */

/* Begin PBXProject section */
		3C9AC03B25109670009EF838 /* Project object */ = {
			isa = PBXProject;
			attributes = {
				LastSwiftUpdateCheck = 1120;
				LastUpgradeCheck = 1120;
				ORGANIZATIONNAME = "Md istiak";
				TargetAttributes = {
					3C9AC04225109670009EF838 = {
						CreatedOnToolsVersion = 11.2.1;
					};
					3C9AC05B25109674009EF838 = {
						CreatedOnToolsVersion = 11.2.1;
						TestTargetID = 3C9AC04225109670009EF838;
					};
					3C9AC06625109674009EF838 = {
						CreatedOnToolsVersion = 11.2.1;
						TestTargetID = 3C9AC04225109670009EF838;
					};
				};
			};
			buildConfigurationList = 3C9AC03E25109670009EF838 /* Build configuration list for PBXProject "gitPrac" */;
			compatibilityVersion = "Xcode 9.3";
			developmentRegion = en;
			hasScannedForEncodings = 0;
			knownRegions = (
				en,
				Base,
			);
			mainGroup = 3C9AC03A25109670009EF838;
			productRefGroup = 3C9AC04425109670009EF838 /* Products */;
			projectDirPath = "";
			projectRoot = "";
			targets = (
				3C9AC04225109670009EF838 /* gitPrac */,
				3C9AC05B25109674009EF838 /* gitPracTests */,
				3C9AC06625109674009EF838 /* gitPracUITests */,
			);
		};
/* End PBXProject section */

/* Begin PBXResourcesBuildPhase section */
		3C9AC04125109670009EF838 /* Resources */ = {
			isa = PBXResourcesBuildPhase;
			buildActionMask = 2147483647;
			files = (
				3C9AC05625109674009EF838 /* LaunchScreen.storyboard in Resources */,
				3C9AC05325109674009EF838 /* Assets.xcassets in Resources */,
				3C9AC04E25109670009EF838 /* Main.storyboard in Resources */,
			);
			runOnlyForDeploymentPostprocessing = 0;
		};
		3C9AC05A25109674009EF838 /* Resources */ = {
			isa = PBXResourcesBuildPhase;
			buildActionMask = 2147483647;
			files = (
			);
			runOnlyForDeploymentPostprocessing = 0;
		};
		3C9AC06525109674009EF838 /* Resources */ = {
			isa = PBXResourcesBuildPhase;
			buildActionMask = 2147483647;
			files = (
			);
			runOnlyForDeploymentPostprocessing = 0;
		};
/* End PBXResourcesBuildPhase section */

/* Begin PBXSourcesBuildPhase section */
		3C9AC03F25109670009EF838 /* Sources */ = {
			isa = PBXSourcesBuildPhase;
			buildActionMask = 2147483647;
			files = (
				3C9AC04B25109670009EF838 /* ViewController.swift in Sources */,
				3C9AC04725109670009EF838 /* AppDelegate.swift in Sources */,
				3C9AC05125109670009EF838 /* gitPrac.xcdatamodeld in Sources */,
				3C9AC04925109670009EF838 /* SceneDelegate.swift in Sources */,
			);
			runOnlyForDeploymentPostprocessing = 0;
		};
		3C9AC05825109674009EF838 /* Sources */ = {
			isa = PBXSourcesBuildPhase;
			buildActionMask = 2147483647;
			files = (
				3C9AC06125109674009EF838 /* gitPracTests.swift in Sources */,
			);
			runOnlyForDeploymentPostprocessing = 0;
		};
		3C9AC06325109674009EF838 /* Sources */ = {
			isa = PBXSourcesBuildPhase;
			buildActionMask = 2147483647;
			files = (
				3C9AC06C25109674009EF838 /* gitPracUITests.swift in Sources */,
			);
			runOnlyForDeploymentPostprocessing = 0;
		};
/* End PBXSourcesBuildPhase section */

/* Begin PBXTargetDependency section */
		3C9AC05E25109674009EF838 /* PBXTargetDependency */ = {
			isa = PBXTargetDependency;
			target = 3C9AC04225109670009EF838 /* gitPrac */;
			targetProxy = 3C9AC05D25109674009EF838 /* PBXContainerItemProxy */;
		};
		3C9AC06925109674009EF838 /* PBXTargetDependency */ = {
			isa = PBXTargetDependency;
			target = 3C9AC04225109670009EF838 /* gitPrac */;
			targetProxy = 3C9AC06825109674009EF838 /* PBXContainerItemProxy */;
		};
/* End PBXTargetDependency section */

/* Begin PBXVariantGroup section */
		3C9AC04C25109670009EF838 /* Main.storyboard */ = {
			isa = PBXVariantGroup;
			children = (
				3C9AC04D25109670009EF838 /* Base */,
			);
			name = Main.storyboard;
			sourceTree = "<group>";
		};
		3C9AC05425109674009EF838 /* LaunchScreen.storyboard */ = {
			isa = PBXVariantGroup;
			children = (
				3C9AC05525109674009EF838 /* Base */,
			);
			name = LaunchScreen.storyboard;
			sourceTree = "<group>";
		};
/* End PBXVariantGroup section */

/* Begin XCBuildConfiguration section */
		3C9AC06E25109674009EF838 /* Debug */ = {
			isa = XCBuildConfiguration;
			buildSettings = {
				ALWAYS_SEARCH_USER_PATHS = NO;
				CLANG_ANALYZER_NONNULL = YES;
				CLANG_ANALYZER_NUMBER_OBJECT_CONVERSION = YES_AGGRESSIVE;
				CLANG_CXX_LANGUAGE_STANDARD = "gnu++14";
				CLANG_CXX_LIBRARY = "libc++";
				CLANG_ENABLE_MODULES = YES;
				CLANG_ENABLE_OBJC_ARC = YES;
				CLANG_ENABLE_OBJC_WEAK = YES;
				CLANG_WARN_BLOCK_CAPTURE_AUTORELEASING = YES;
				CLANG_WARN_BOOL_CONVERSION = YES;
				CLANG_WARN_COMMA = YES;
				CLANG_WARN_CONSTANT_CONVERSION = YES;
				CLANG_WARN_DEPRECATED_OBJC_IMPLEMENTATIONS = YES;
				CLANG_WARN_DIRECT_OBJC_ISA_USAGE = YES_ERROR;
				CLANG_WARN_DOCUMENTATION_COMMENTS = YES;
				CLANG_WARN_EMPTY_BODY = YES;
				CLANG_WARN_ENUM_CONVERSION = YES;
				CLANG_WARN_INFINITE_RECURSION = YES;
				CLANG_WARN_INT_CONVERSION = YES;
				CLANG_WARN_NON_LITERAL_NULL_CONVERSION = YES;
				CLANG_WARN_OBJC_IMPLICIT_RETAIN_SELF = YES;
				CLANG_WARN_OBJC_LITERAL_CONVERSION = YES;
				CLANG_WARN_OBJC_ROOT_CLASS = YES_ERROR;
				CLANG_WARN_RANGE_LOOP_ANALYSIS = YES;
				CLANG_WARN_STRICT_PROTOTYPES = YES;
				CLANG_WARN_SUSPICIOUS_MOVE = YES;
				CLANG_WARN_UNGUARDED_AVAILABILITY = YES_AGGRESSIVE;
				CLANG_WARN_UNREACHABLE_CODE = YES;
				CLANG_WARN__DUPLICATE_METHOD_MATCH = YES;
				COPY_PHASE_STRIP = NO;
				DEBUG_INFORMATION_FORMAT = dwarf;
				ENABLE_STRICT_OBJC_MSGSEND = YES;
				ENABLE_TESTABILITY = YES;
				GCC_C_LANGUAGE_STANDARD = gnu11;
				GCC_DYNAMIC_NO_PIC = NO;
				GCC_NO_COMMON_BLOCKS = YES;
				GCC_OPTIMIZATION_LEVEL = 0;
				GCC_PREPROCESSOR_DEFINITIONS = (
					"DEBUG=1",
					"$(inherited)",
				);
				GCC_WARN_64_TO_32_BIT_CONVERSION = YES;
				GCC_WARN_ABOUT_RETURN_TYPE = YES_ERROR;
				GCC_WARN_UNDECLARED_SELECTOR = YES;
				GCC_WARN_UNINITIALIZED_AUTOS = YES_AGGRESSIVE;
				GCC_WARN_UNUSED_FUNCTION = YES;
				GCC_WARN_UNUSED_VARIABLE = YES;
				IPHONEOS_DEPLOYMENT_TARGET = 13.2;
				MTL_ENABLE_DEBUG_INFO = INCLUDE_SOURCE;
				MTL_FAST_MATH = YES;
				ONLY_ACTIVE_ARCH = YES;
				SDKROOT = iphoneos;
				SWIFT_ACTIVE_COMPILATION_CONDITIONS = DEBUG;
				SWIFT_OPTIMIZATION_LEVEL = "-Onone";
			};
			name = Debug;
		};
		3C9AC06F25109674009EF838 /* Release */ = {
			isa = XCBuildConfiguration;
			buildSettings = {
				ALWAYS_SEARCH_USER_PATHS = NO;
				CLANG_ANALYZER_NONNULL = YES;
				CLANG_ANALYZER_NUMBER_OBJECT_CONVERSION = YES_AGGRESSIVE;
				CLANG_CXX_LANGUAGE_STANDARD = "gnu++14";
				CLANG_CXX_LIBRARY = "libc++";
				CLANG_ENABLE_MODULES = YES;
				CLANG_ENABLE_OBJC_ARC = YES;
				CLANG_ENABLE_OBJC_WEAK = YES;
				CLANG_WARN_BLOCK_CAPTURE_AUTORELEASING = YES;
				CLANG_WARN_BOOL_CONVERSION = YES;
				CLANG_WARN_COMMA = YES;
				CLANG_WARN_CONSTANT_CONVERSION = YES;
				CLANG_WARN_DEPRECATED_OBJC_IMPLEMENTATIONS = YES;
				CLANG_WARN_DIRECT_OBJC_ISA_USAGE = YES_ERROR;
				CLANG_WARN_DOCUMENTATION_COMMENTS = YES;
				CLANG_WARN_EMPTY_BODY = YES;
				CLANG_WARN_ENUM_CONVERSION = YES;
				CLANG_WARN_INFINITE_RECURSION = YES;
				CLANG_WARN_INT_CONVERSION = YES;
				CLANG_WARN_NON_LITERAL_NULL_CONVERSION = YES;
				CLANG_WARN_OBJC_IMPLICIT_RETAIN_SELF = YES;
				CLANG_WARN_OBJC_LITERAL_CONVERSION = YES;
				CLANG_WARN_OBJC_ROOT_CLASS = YES_ERROR;
				CLANG_WARN_RANGE_LOOP_ANALYSIS = YES;
				CLANG_WARN_STRICT_PROTOTYPES = YES;
				CLANG_WARN_SUSPICIOUS_MOVE = YES;
				CLANG_WARN_UNGUARDED_AVAILABILITY = YES_AGGRESSIVE;
				CLANG_WARN_UNREACHABLE_CODE = YES;
				CLANG_WARN__DUPLICATE_METHOD_MATCH = YES;
				COPY_PHASE_STRIP = NO;
				DEBUG_INFORMATION_FORMAT = "dwarf-with-dsym";
				ENABLE_NS_ASSERTIONS = NO;
				ENABLE_STRICT_OBJC_MSGSEND = YES;
				GCC_C_LANGUAGE_STANDARD = gnu11;
				GCC_NO_COMMON_BLOCKS = YES;
				GCC_WARN_64_TO_32_BIT_CONVERSION = YES;
				GCC_WARN_ABOUT_RETURN_TYPE = YES_ERROR;
				GCC_WARN_UNDECLARED_SELECTOR = YES;
				GCC_WARN_UNINITIALIZED_AUTOS = YES_AGGRESSIVE;
				GCC_WARN_UNUSED_FUNCTION = YES;
				GCC_WARN_UNUSED_VARIABLE = YES;
				IPHONEOS_DEPLOYMENT_TARGET = 13.2;
				MTL_ENABLE_DEBUG_INFO = NO;
				MTL_FAST_MATH = YES;
				SDKROOT = iphoneos;
				SWIFT_COMPILATION_MODE = wholemodule;
				SWIFT_OPTIMIZATION_LEVEL = "-O";
				VALIDATE_PRODUCT = YES;
			};
			name = Release;
		};
		3C9AC07125109674009EF838 /* Debug */ = {
			isa = XCBuildConfiguration;
			buildSettings = {
				ASSETCATALOG_COMPILER_APPICON_NAME = AppIcon;
				CODE_SIGN_STYLE = Automatic;
				DEVELOPMENT_TEAM = 32676VLD8U;
				INFOPLIST_FILE = gitPrac/Info.plist;
				LD_RUNPATH_SEARCH_PATHS = (
					"$(inherited)",
					"@executable_path/Frameworks",
				);
				PRODUCT_BUNDLE_IDENTIFIER = Istiak.gitPrac;
				PRODUCT_NAME = "$(TARGET_NAME)";
				SWIFT_VERSION = 5.0;
				TARGETED_DEVICE_FAMILY = "1,2";
			};
			name = Debug;
		};
		3C9AC07225109674009EF838 /* Release */ = {
			isa = XCBuildConfiguration;
			buildSettings = {
				ASSETCATALOG_COMPILER_APPICON_NAME = AppIcon;
				CODE_SIGN_STYLE = Automatic;
				DEVELOPMENT_TEAM = 32676VLD8U;
				INFOPLIST_FILE = gitPrac/Info.plist;
				LD_RUNPATH_SEARCH_PATHS = (
					"$(inherited)",
					"@executable_path/Frameworks",
				);
				PRODUCT_BUNDLE_IDENTIFIER = Istiak.gitPrac;
				PRODUCT_NAME = "$(TARGET_NAME)";
				SWIFT_VERSION = 5.0;
				TARGETED_DEVICE_FAMILY = "1,2";
			};
			name = Release;
		};
		3C9AC07425109674009EF838 /* Debug */ = {
			isa = XCBuildConfiguration;
			buildSettings = {
				ALWAYS_EMBED_SWIFT_STANDARD_LIBRARIES = YES;
				BUNDLE_LOADER = "$(TEST_HOST)";
				CODE_SIGN_STYLE = Automatic;
				DEVELOPMENT_TEAM = 32676VLD8U;
				INFOPLIST_FILE = gitPracTests/Info.plist;
				IPHONEOS_DEPLOYMENT_TARGET = 13.2;
				LD_RUNPATH_SEARCH_PATHS = (
					"$(inherited)",
					"@executable_path/Frameworks",
					"@loader_path/Frameworks",
				);
				PRODUCT_BUNDLE_IDENTIFIER = Istiak.gitPracTests;
				PRODUCT_NAME = "$(TARGET_NAME)";
				SWIFT_VERSION = 5.0;
				TARGETED_DEVICE_FAMILY = "1,2";
				TEST_HOST = "$(BUILT_PRODUCTS_DIR)/gitPrac.app/gitPrac";
			};
			name = Debug;
		};
		3C9AC07525109674009EF838 /* Release */ = {
			isa = XCBuildConfiguration;
			buildSettings = {
				ALWAYS_EMBED_SWIFT_STANDARD_LIBRARIES = YES;
				BUNDLE_LOADER = "$(TEST_HOST)";
				CODE_SIGN_STYLE = Automatic;
				DEVELOPMENT_TEAM = 32676VLD8U;
				INFOPLIST_FILE = gitPracTests/Info.plist;
				IPHONEOS_DEPLOYMENT_TARGET = 13.2;
				LD_RUNPATH_SEARCH_PATHS = (
					"$(inherited)",
					"@executable_path/Frameworks",
					"@loader_path/Frameworks",
				);
				PRODUCT_BUNDLE_IDENTIFIER = Istiak.gitPracTests;
				PRODUCT_NAME = "$(TARGET_NAME)";
				SWIFT_VERSION = 5.0;
				TARGETED_DEVICE_FAMILY = "1,2";
				TEST_HOST = "$(BUILT_PRODUCTS_DIR)/gitPrac.app/gitPrac";
			};
			name = Release;
		};
		3C9AC07725109674009EF838 /* Debug */ = {
			isa = XCBuildConfiguration;
			buildSettings = {
				ALWAYS_EMBED_SWIFT_STANDARD_LIBRARIES = YES;
				CODE_SIGN_STYLE = Automatic;
				DEVELOPMENT_TEAM = 32676VLD8U;
				INFOPLIST_FILE = gitPracUITests/Info.plist;
				LD_RUNPATH_SEARCH_PATHS = (
					"$(inherited)",
					"@executable_path/Frameworks",
					"@loader_path/Frameworks",
				);
				PRODUCT_BUNDLE_IDENTIFIER = Istiak.gitPracUITests;
				PRODUCT_NAME = "$(TARGET_NAME)";
				SWIFT_VERSION = 5.0;
				TARGETED_DEVICE_FAMILY = "1,2";
				TEST_TARGET_NAME = gitPrac;
			};
			name = Debug;
		};
		3C9AC07825109674009EF838 /* Release */ = {
			isa = XCBuildConfiguration;
			buildSettings = {
				ALWAYS_EMBED_SWIFT_STANDARD_LIBRARIES = YES;
				CODE_SIGN_STYLE = Automatic;
				DEVELOPMENT_TEAM = 32676VLD8U;
				INFOPLIST_FILE = gitPracUITests/Info.plist;
				LD_RUNPATH_SEARCH_PATHS = (
					"$(inherited)",
					"@executable_path/Frameworks",
					"@loader_path/Frameworks",
				);
				PRODUCT_BUNDLE_IDENTIFIER = Istiak.gitPracUITests;
				PRODUCT_NAME = "$(TARGET_NAME)";
				SWIFT_VERSION = 5.0;
				TARGETED_DEVICE_FAMILY = "1,2";
				TEST_TARGET_NAME = gitPrac;
			};
			name = Release;
		};
/* End XCBuildConfiguration section */

/* Begin XCConfigurationList section */
		3C9AC03E25109670009EF838 /* Build configuration list for PBXProject "gitPrac" */ = {
			isa = XCConfigurationList;
			buildConfigurations = (
				3C9AC06E25109674009EF838 /* Debug */,
				3C9AC06F25109674009EF838 /* Release */,
			);
			defaultConfigurationIsVisible = 0;
			defaultConfigurationName = Release;
		};
		3C9AC07025109674009EF838 /* Build configuration list for PBXNativeTarget "gitPrac" */ = {
			isa = XCConfigurationList;
			buildConfigurations = (
				3C9AC07125109674009EF838 /* Debug */,
				3C9AC07225109674009EF838 /* Release */,
			);
			defaultConfigurationIsVisible = 0;
			defaultConfigurationName = Release;
		};
		3C9AC07325109674009EF838 /* Build configuration list for PBXNativeTarget "gitPracTests" */ = {
			isa = XCConfigurationList;
			buildConfigurations = (
				3C9AC07425109674009EF838 /* Debug */,
				3C9AC07525109674009EF838 /* Release */,
			);
			defaultConfigurationIsVisible = 0;
			defaultConfigurationName = Release;
		};
		3C9AC07625109674009EF838 /* Build configuration list for PBXNativeTarget "gitPracUITests" */ = {
			isa = XCConfigurationList;
			buildConfigurations = (
				3C9AC07725109674009EF838 /* Debug */,
				3C9AC07825109674009EF838 /* Release */,
			);
			defaultConfigurationIsVisible = 0;
			defaultConfigurationName = Release;
		};
/* End XCConfigurationList section */

/* Begin XCVersionGroup section */
		3C9AC04F25109670009EF838 /* gitPrac.xcdatamodeld */ = {
			isa = XCVersionGroup;
			children = (
				3C9AC05025109670009EF838 /* gitPrac.xcdatamodel */,
			);
			currentVersion = 3C9AC05025109670009EF838 /* gitPrac.xcdatamodel */;
			path = gitPrac.xcdatamodeld;
			sourceTree = "<group>";
			versionGroupType = wrapper.xcdatamodel;
		};
/* End XCVersionGroup section */
	};
	rootObject = 3C9AC03B25109670009EF838 /* Project object */;
}
